// !$*UTF8*$!
{
	archiveVersion = 1;
	classes = {
	};
	objectVersion = 50;
	objects = {

/* Begin PBXBuildFile section */
		452583E4220945AA0031E535 /* AppDelegate.m in Sources */ = {isa = PBXBuildFile; fileRef = 452583E3220945AA0031E535 /* AppDelegate.m */; };
		452583E7220945AA0031E535 /* ViewController.m in Sources */ = {isa = PBXBuildFile; fileRef = 452583E6220945AA0031E535 /* ViewController.m */; };
		452583EA220945AA0031E535 /* Main.storyboard in Resources */ = {isa = PBXBuildFile; fileRef = 452583E8220945AA0031E535 /* Main.storyboard */; };
		452583EC220945AC0031E535 /* Assets.xcassets in Resources */ = {isa = PBXBuildFile; fileRef = 452583EB220945AC0031E535 /* Assets.xcassets */; };
		452583EF220945AC0031E535 /* LaunchScreen.storyboard in Resources */ = {isa = PBXBuildFile; fileRef = 452583ED220945AC0031E535 /* LaunchScreen.storyboard */; };
		452583F2220945AC0031E535 /* main.m in Sources */ = {isa = PBXBuildFile; fileRef = 452583F1220945AC0031E535 /* main.m */; };
		452583FC220945AC0031E535 /* myappTests.m in Sources */ = {isa = PBXBuildFile; fileRef = 452583FB220945AC0031E535 /* myappTests.m */; };
		45258407220945AC0031E535 /* myappUITests.m in Sources */ = {isa = PBXBuildFile; fileRef = 45258406220945AC0031E535 /* myappUITests.m */; };
/* End PBXBuildFile section */

/* Begin PBXContainerItemProxy section */
		452583F8220945AC0031E535 /* PBXContainerItemProxy */ = {
			isa = PBXContainerItemProxy;
			containerPortal = 452583D7220945A90031E535 /* Project object */;
			proxyType = 1;
			remoteGlobalIDString = 452583DE220945AA0031E535;
			remoteInfo = myapp;
		};
		45258403220945AC0031E535 /* PBXContainerItemProxy */ = {
			isa = PBXContainerItemProxy;
			containerPortal = 452583D7220945A90031E535 /* Project object */;
			proxyType = 1;
			remoteGlobalIDString = 452583DE220945AA0031E535;
			remoteInfo = myapp;
		};
/* End PBXContainerItemProxy section */

/* Begin PBXFileReference section */
		452583DF220945AA0031E535 /* myapp.app */ = {isa = PBXFileReference; explicitFileType = wrapper.application; includeInIndex = 0; path = myapp.app; sourceTree = BUILT_PRODUCTS_DIR; };
		452583E2220945AA0031E535 /* AppDelegate.h */ = {isa = PBXFileReference; lastKnownFileType = sourcecode.c.h; path = AppDelegate.h; sourceTree = "<group>"; };
		452583E3220945AA0031E535 /* AppDelegate.m */ = {isa = PBXFileReference; lastKnownFileType = sourcecode.c.objc; path = AppDelegate.m; sourceTree = "<group>"; };
		452583E5220945AA0031E535 /* ViewController.h */ = {isa = PBXFileReference; lastKnownFileType = sourcecode.c.h; path = ViewController.h; sourceTree = "<group>"; };
		452583E6220945AA0031E535 /* ViewController.m */ = {isa = PBXFileReference; lastKnownFileType = sourcecode.c.objc; path = ViewController.m; sourceTree = "<group>"; };
		452583E9220945AA0031E535 /* Base */ = {isa = PBXFileReference; lastKnownFileType = file.storyboard; name = Base; path = Base.lproj/Main.storyboard; sourceTree = "<group>"; };
		452583EB220945AC0031E535 /* Assets.xcassets */ = {isa = PBXFileReference; lastKnownFileType = folder.assetcatalog; path = Assets.xcassets; sourceTree = "<group>"; };
		452583EE220945AC0031E535 /* Base */ = {isa = PBXFileReference; lastKnownFileType = file.storyboard; name = Base; path = Base.lproj/LaunchScreen.storyboard; sourceTree = "<group>"; };
		452583F0220945AC0031E535 /* Info.plist */ = {isa = PBXFileReference; lastKnownFileType = text.plist.xml; path = Info.plist; sourceTree = "<group>"; };
		452583F1220945AC0031E535 /* main.m */ = {isa = PBXFileReference; lastKnownFileType = sourcecode.c.objc; path = main.m; sourceTree = "<group>"; };
		452583F7220945AC0031E535 /* myappTests.xctest */ = {isa = PBXFileReference; explicitFileType = wrapper.cfbundle; includeInIndex = 0; path = myappTests.xctest; sourceTree = BUILT_PRODUCTS_DIR; };
		452583FB220945AC0031E535 /* myappTests.m */ = {isa = PBXFileReference; lastKnownFileType = sourcecode.c.objc; path = myappTests.m; sourceTree = "<group>"; };
		452583FD220945AC0031E535 /* Info.plist */ = {isa = PBXFileReference; lastKnownFileType = text.plist.xml; path = Info.plist; sourceTree = "<group>"; };
		45258402220945AC0031E535 /* myappUITests.xctest */ = {isa = PBXFileReference; explicitFileType = wrapper.cfbundle; includeInIndex = 0; path = myappUITests.xctest; sourceTree = BUILT_PRODUCTS_DIR; };
		45258406220945AC0031E535 /* myappUITests.m */ = {isa = PBXFileReference; lastKnownFileType = sourcecode.c.objc; path = myappUITests.m; sourceTree = "<group>"; };
		45258408220945AC0031E535 /* Info.plist */ = {isa = PBXFileReference; lastKnownFileType = text.plist.xml; path = Info.plist; sourceTree = "<group>"; };
/* End PBXFileReference section */

/* Begin PBXFrameworksBuildPhase section */
		452583DC220945AA0031E535 /* Frameworks */ = {
			isa = PBXFrameworksBuildPhase;
			buildActionMask = 2147483647;
			files = (
			);
			runOnlyForDeploymentPostprocessing = 0;
		};
		452583F4220945AC0031E535 /* Frameworks */ = {
			isa = PBXFrameworksBuildPhase;
			buildActionMask = 2147483647;
			files = (
			);
			runOnlyForDeploymentPostprocessing = 0;
		};
		452583FF220945AC0031E535 /* Frameworks */ = {
			isa = PBXFrameworksBuildPhase;
			buildActionMask = 2147483647;
			files = (
			);
			runOnlyForDeploymentPostprocessing = 0;
		};
/* End PBXFrameworksBuildPhase section */

/* Begin PBXGroup section */
		452583D6220945A90031E535 = {
			isa = PBXGroup;
			children = (
				452583E1220945AA0031E535 /* myapp */,
				452583FA220945AC0031E535 /* myappTests */,
				45258405220945AC0031E535 /* myappUITests */,
				452583E0220945AA0031E535 /* Products */,
			);
			sourceTree = "<group>";
		};
		452583E0220945AA0031E535 /* Products */ = {
			isa = PBXGroup;
			children = (
				452583DF220945AA0031E535 /* myapp.app */,
				452583F7220945AC0031E535 /* myappTests.xctest */,
				45258402220945AC0031E535 /* myappUITests.xctest */,
			);
			name = Products;
			sourceTree = "<group>";
		};
		452583E1220945AA0031E535 /* myapp */ = {
			isa = PBXGroup;
			children = (
				452583E2220945AA0031E535 /* AppDelegate.h */,
				452583E3220945AA0031E535 /* AppDelegate.m */,
				452583E5220945AA0031E535 /* ViewController.h */,
				452583E6220945AA0031E535 /* ViewController.m */,
				452583E8220945AA0031E535 /* Main.storyboard */,
				452583EB220945AC0031E535 /* Assets.xcassets */,
				452583ED220945AC0031E535 /* LaunchScreen.storyboard */,
				452583F0220945AC0031E535 /* Info.plist */,
				452583F1220945AC0031E535 /* main.m */,
			);
			path = myapp;
			sourceTree = "<group>";
		};
		452583FA220945AC0031E535 /* myappTests */ = {
			isa = PBXGroup;
			children = (
				452583FB220945AC0031E535 /* myappTests.m */,
				452583FD220945AC0031E535 /* Info.plist */,
			);
			path = myappTests;
			sourceTree = "<group>";
		};
		45258405220945AC0031E535 /* myappUITests */ = {
			isa = PBXGroup;
			children = (
				45258406220945AC0031E535 /* myappUITests.m */,
				45258408220945AC0031E535 /* Info.plist */,
			);
			path = myappUITests;
			sourceTree = "<group>";
		};
/* End PBXGroup section */

/* Begin PBXNativeTarget section */
		452583DE220945AA0031E535 /* myapp */ = {
			isa = PBXNativeTarget;
			buildConfigurationList = 4525840B220945AC0031E535 /* Build configuration list for PBXNativeTarget "myapp" */;
			buildPhases = (
				452583DB220945AA0031E535 /* Sources */,
				452583DC220945AA0031E535 /* Frameworks */,
				452583DD220945AA0031E535 /* Resources */,
			);
			buildRules = (
			);
			dependencies = (
			);
			name = myapp;
			productName = myapp;
			productReference = 452583DF220945AA0031E535 /* myapp.app */;
			productType = "com.apple.product-type.application";
		};
		452583F6220945AC0031E535 /* myappTests */ = {
			isa = PBXNativeTarget;
			buildConfigurationList = 4525840E220945AC0031E535 /* Build configuration list for PBXNativeTarget "myappTests" */;
			buildPhases = (
				452583F3220945AC0031E535 /* Sources */,
				452583F4220945AC0031E535 /* Frameworks */,
				452583F5220945AC0031E535 /* Resources */,
			);
			buildRules = (
			);
			dependencies = (
				452583F9220945AC0031E535 /* PBXTargetDependency */,
			);
			name = myappTests;
			productName = myappTests;
			productReference = 452583F7220945AC0031E535 /* myappTests.xctest */;
			productType = "com.apple.product-type.bundle.unit-test";
		};
		45258401220945AC0031E535 /* myappUITests */ = {
			isa = PBXNativeTarget;
			buildConfigurationList = 45258411220945AC0031E535 /* Build configuration list for PBXNativeTarget "myappUITests" */;
			buildPhases = (
				452583FE220945AC0031E535 /* Sources */,
				452583FF220945AC0031E535 /* Frameworks */,
				45258400220945AC0031E535 /* Resources */,
			);
			buildRules = (
			);
			dependencies = (
				45258404220945AC0031E535 /* PBXTargetDependency */,
			);
			name = myappUITests;
			productName = myappUITests;
			productReference = 45258402220945AC0031E535 /* myappUITests.xctest */;
			productType = "com.apple.product-type.bundle.ui-testing";
		};
/* End PBXNativeTarget section */

/* Begin PBXProject section */
		452583D7220945A90031E535 /* Project object */ = {
			isa = PBXProject;
			attributes = {
				LastUpgradeCheck = 1010;
				ORGANIZATIONNAME = gzy;
				TargetAttributes = {
					452583DE220945AA0031E535 = {
						CreatedOnToolsVersion = 10.1;
					};
					452583F6220945AC0031E535 = {
						CreatedOnToolsVersion = 10.1;
						TestTargetID = 452583DE220945AA0031E535;
					};
					45258401220945AC0031E535 = {
						CreatedOnToolsVersion = 10.1;
						TestTargetID = 452583DE220945AA0031E535;
					};
				};
			};
			buildConfigurationList = 452583DA220945A90031E535 /* Build configuration list for PBXProject "myapp" */;
			compatibilityVersion = "Xcode 9.3";
			developmentRegion = en;
			hasScannedForEncodings = 0;
			knownRegions = (
				en,
				Base,
			);
			mainGroup = 452583D6220945A90031E535;
			productRefGroup = 452583E0220945AA0031E535 /* Products */;
			projectDirPath = "";
			projectRoot = "";
			targets = (
				452583DE220945AA0031E535 /* myapp */,
				452583F6220945AC0031E535 /* myappTests */,
				45258401220945AC0031E535 /* myappUITests */,
			);
		};
/* End PBXProject section */

/* Begin PBXResourcesBuildPhase section */
		452583DD220945AA0031E535 /* Resources */ = {
			isa = PBXResourcesBuildPhase;
			buildActionMask = 2147483647;
			files = (
				452583EF220945AC0031E535 /* LaunchScreen.storyboard in Resources */,
				452583EC220945AC0031E535 /* Assets.xcassets in Resources */,
				452583EA220945AA0031E535 /* Main.storyboard in Resources */,
			);
			runOnlyForDeploymentPostprocessing = 0;
		};
		452583F5220945AC0031E535 /* Resources */ = {
			isa = PBXResourcesBuildPhase;
			buildActionMask = 2147483647;
			files = (
			);
			runOnlyForDeploymentPostprocessing = 0;
		};
		45258400220945AC0031E535 /* Resources */ = {
			isa = PBXResourcesBuildPhase;
			buildActionMask = 2147483647;
			files = (
			);
			runOnlyForDeploymentPostprocessing = 0;
		};
/* End PBXResourcesBuildPhase section */

/* Begin PBXSourcesBuildPhase section */
		452583DB220945AA0031E535 /* Sources */ = {
			isa = PBXSourcesBuildPhase;
			buildActionMask = 2147483647;
			files = (
				452583E7220945AA0031E535 /* ViewController.m in Sources */,
				452583F2220945AC0031E535 /* main.m in Sources */,
				452583E4220945AA0031E535 /* AppDelegate.m in Sources */,
			);
			runOnlyForDeploymentPostprocessing = 0;
		};
		452583F3220945AC0031E535 /* Sources */ = {
			isa = PBXSourcesBuildPhase;
			buildActionMask = 2147483647;
			files = (
				452583FC220945AC0031E535 /* myappTests.m in Sources */,
			);
			runOnlyForDeploymentPostprocessing = 0;
		};
		452583FE220945AC0031E535 /* Sources */ = {
			isa = PBXSourcesBuildPhase;
			buildActionMask = 2147483647;
			files = (
				45258407220945AC0031E535 /* myappUITests.m in Sources */,
			);
			runOnlyForDeploymentPostprocessing = 0;
		};
/* End PBXSourcesBuildPhase section */

/* Begin PBXTargetDependency section */
		452583F9220945AC0031E535 /* PBXTargetDependency */ = {
			isa = PBXTargetDependency;
			target = 452583DE220945AA0031E535 /* myapp */;
			targetProxy = 452583F8220945AC0031E535 /* PBXContainerItemProxy */;
		};
		45258404220945AC0031E535 /* PBXTargetDependency */ = {
			isa = PBXTargetDependency;
			target = 452583DE220945AA0031E535 /* myapp */;
			targetProxy = 45258403220945AC0031E535 /* PBXContainerItemProxy */;
		};
/* End PBXTargetDependency section */

/* Begin PBXVariantGroup section */
		452583E8220945AA0031E535 /* Main.storyboard */ = {
			isa = PBXVariantGroup;
			children = (
				452583E9220945AA0031E535 /* Base */,
			);
			name = Main.storyboard;
			sourceTree = "<group>";
		};
		452583ED220945AC0031E535 /* LaunchScreen.storyboard */ = {
			isa = PBXVariantGroup;
			children = (
				452583EE220945AC0031E535 /* Base */,
			);
			name = LaunchScreen.storyboard;
			sourceTree = "<group>";
		};
/* End PBXVariantGroup section */

/* Begin XCBuildConfiguration section */
		45258409220945AC0031E535 /* Debug */ = {
			isa = XCBuildConfiguration;
			buildSettings = {
				ALWAYS_SEARCH_USER_PATHS = NO;
				CLANG_ANALYZER_NONNULL = YES;
				CLANG_ANALYZER_NUMBER_OBJECT_CONVERSION = YES_AGGRESSIVE;
				CLANG_CXX_LANGUAGE_STANDARD = "gnu++14";
				CLANG_CXX_LIBRARY = "libc++";
				CLANG_ENABLE_MODULES = YES;
				CLANG_ENABLE_OBJC_ARC = YES;
				CLANG_ENABLE_OBJC_WEAK = YES;
				CLANG_WARN_BLOCK_CAPTURE_AUTORELEASING = YES;
				CLANG_WARN_BOOL_CONVERSION = YES;
				CLANG_WARN_COMMA = YES;
				CLANG_WARN_CONSTANT_CONVERSION = YES;
				CLANG_WARN_DEPRECATED_OBJC_IMPLEMENTATIONS = YES;
				CLANG_WARN_DIRECT_OBJC_ISA_USAGE = YES_ERROR;
				CLANG_WARN_DOCUMENTATION_COMMENTS = YES;
				CLANG_WARN_EMPTY_BODY = YES;
				CLANG_WARN_ENUM_CONVERSION = YES;
				CLANG_WARN_INFINITE_RECURSION = YES;
				CLANG_WARN_INT_CONVERSION = YES;
				CLANG_WARN_NON_LITERAL_NULL_CONVERSION = YES;
				CLANG_WARN_OBJC_IMPLICIT_RETAIN_SELF = YES;
				CLANG_WARN_OBJC_LITERAL_CONVERSION = YES;
				CLANG_WARN_OBJC_ROOT_CLASS = YES_ERROR;
				CLANG_WARN_RANGE_LOOP_ANALYSIS = YES;
				CLANG_WARN_STRICT_PROTOTYPES = YES;
				CLANG_WARN_SUSPICIOUS_MOVE = YES;
				CLANG_WARN_UNGUARDED_AVAILABILITY = YES_AGGRESSIVE;
				CLANG_WARN_UNREACHABLE_CODE = YES;
				CLANG_WARN__DUPLICATE_METHOD_MATCH = YES;
				CODE_SIGN_IDENTITY = "iPhone Developer";
				COPY_PHASE_STRIP = NO;
				DEBUG_INFORMATION_FORMAT = dwarf;
				ENABLE_STRICT_OBJC_MSGSEND = YES;
				ENABLE_TESTABILITY = YES;
				GCC_C_LANGUAGE_STANDARD = gnu11;
				GCC_DYNAMIC_NO_PIC = NO;
				GCC_NO_COMMON_BLOCKS = YES;
				GCC_OPTIMIZATION_LEVEL = 0;
				GCC_PREPROCESSOR_DEFINITIONS = (
					"DEBUG=1",
					"$(inherited)",
				);
				GCC_WARN_64_TO_32_BIT_CONVERSION = YES;
				GCC_WARN_ABOUT_RETURN_TYPE = YES_ERROR;
				GCC_WARN_UNDECLARED_SELECTOR = YES;
				GCC_WARN_UNINITIALIZED_AUTOS = YES_AGGRESSIVE;
				GCC_WARN_UNUSED_FUNCTION = YES;
				GCC_WARN_UNUSED_VARIABLE = YES;
				IPHONEOS_DEPLOYMENT_TARGET = 12.1;
				MTL_ENABLE_DEBUG_INFO = INCLUDE_SOURCE;
				MTL_FAST_MATH = YES;
				ONLY_ACTIVE_ARCH = YES;
				SDKROOT = iphoneos;
			};
			name = Debug;
		};
		4525840A220945AC0031E535 /* Release */ = {
			isa = XCBuildConfiguration;
			buildSettings = {
				ALWAYS_SEARCH_USER_PATHS = NO;
				CLANG_ANALYZER_NONNULL = YES;
				CLANG_ANALYZER_NUMBER_OBJECT_CONVERSION = YES_AGGRESSIVE;
				CLANG_CXX_LANGUAGE_STANDARD = "gnu++14";
				CLANG_CXX_LIBRARY = "libc++";
				CLANG_ENABLE_MODULES = YES;
				CLANG_ENABLE_OBJC_ARC = YES;
				CLANG_ENABLE_OBJC_WEAK = YES;
				CLANG_WARN_BLOCK_CAPTURE_AUTORELEASING = YES;
				CLANG_WARN_BOOL_CONVERSION = YES;
				CLANG_WARN_COMMA = YES;
				CLANG_WARN_CONSTANT_CONVERSION = YES;
				CLANG_WARN_DEPRECATED_OBJC_IMPLEMENTATIONS = YES;
				CLANG_WARN_DIRECT_OBJC_ISA_USAGE = YES_ERROR;
				CLANG_WARN_DOCUMENTATION_COMMENTS = YES;
				CLANG_WARN_EMPTY_BODY = YES;
				CLANG_WARN_ENUM_CONVERSION = YES;
				CLANG_WARN_INFINITE_RECURSION = YES;
				CLANG_WARN_INT_CONVERSION = YES;
				CLANG_WARN_NON_LITERAL_NULL_CONVERSION = YES;
				CLANG_WARN_OBJC_IMPLICIT_RETAIN_SELF = YES;
				CLANG_WARN_OBJC_LITERAL_CONVERSION = YES;
				CLANG_WARN_OBJC_ROOT_CLASS = YES_ERROR;
				CLANG_WARN_RANGE_LOOP_ANALYSIS = YES;
				CLANG_WARN_STRICT_PROTOTYPES = YES;
				CLANG_WARN_SUSPICIOUS_MOVE = YES;
				CLANG_WARN_UNGUARDED_AVAILABILITY = YES_AGGRESSIVE;
				CLANG_WARN_UNREACHABLE_CODE = YES;
				CLANG_WARN__DUPLICATE_METHOD_MATCH = YES;
				CODE_SIGN_IDENTITY = "iPhone Developer";
				COPY_PHASE_STRIP = NO;
				DEBUG_INFORMATION_FORMAT = "dwarf-with-dsym";
				ENABLE_NS_ASSERTIONS = NO;
				ENABLE_STRICT_OBJC_MSGSEND = YES;
				GCC_C_LANGUAGE_STANDARD = gnu11;
				GCC_NO_COMMON_BLOCKS = YES;
				GCC_WARN_64_TO_32_BIT_CONVERSION = YES;
				GCC_WARN_ABOUT_RETURN_TYPE = YES_ERROR;
				GCC_WARN_UNDECLARED_SELECTOR = YES;
				GCC_WARN_UNINITIALIZED_AUTOS = YES_AGGRESSIVE;
				GCC_WARN_UNUSED_FUNCTION = YES;
				GCC_WARN_UNUSED_VARIABLE = YES;
				IPHONEOS_DEPLOYMENT_TARGET = 12.1;
				MTL_ENABLE_DEBUG_INFO = NO;
				MTL_FAST_MATH = YES;
				SDKROOT = iphoneos;
				VALIDATE_PRODUCT = YES;
			};
			name = Release;
		};
		4525840C220945AC0031E535 /* Debug */ = {
			isa = XCBuildConfiguration;
			buildSettings = {
				ASSETCATALOG_COMPILER_APPICON_NAME = AppIcon;
				CODE_SIGN_STYLE = Automatic;
				INFOPLIST_FILE = myapp/Info.plist;
				LD_RUNPATH_SEARCH_PATHS = (
					"$(inherited)",
					"@executable_path/Frameworks",
				);
				PRODUCT_BUNDLE_IDENTIFIER = f0rtisyy.myapp;
				PRODUCT_NAME = "$(TARGET_NAME)";
				TARGETED_DEVICE_FAMILY = "1,2";
			};
			name = Debug;
		};
		4525840D220945AC0031E535 /* Release */ = {
			isa = XCBuildConfiguration;
			buildSettings = {
				ASSETCATALOG_COMPILER_APPICON_NAME = AppIcon;
				CODE_SIGN_STYLE = Automatic;
				INFOPLIST_FILE = myapp/Info.plist;
				LD_RUNPATH_SEARCH_PATHS = (
					"$(inherited)",
					"@executable_path/Frameworks",
				);
				PRODUCT_BUNDLE_IDENTIFIER = f0rtisyy.myapp;
				PRODUCT_NAME = "$(TARGET_NAME)";
				TARGETED_DEVICE_FAMILY = "1,2";
			};
			name = Release;
		};
		4525840F220945AC0031E535 /* Debug */ = {
			isa = XCBuildConfiguration;
			buildSettings = {
				BUNDLE_LOADER = "$(TEST_HOST)";
				CODE_SIGN_STYLE = Automatic;
				INFOPLIST_FILE = myappTests/Info.plist;
				LD_RUNPATH_SEARCH_PATHS = (
					"$(inherited)",
					"@executable_path/Frameworks",
					"@loader_path/Frameworks",
				);
				PRODUCT_BUNDLE_IDENTIFIER = f0rtisyy.myappTests;
				PRODUCT_NAME = "$(TARGET_NAME)";
				TARGETED_DEVICE_FAMILY = "1,2";
				TEST_HOST = "$(BUILT_PRODUCTS_DIR)/myapp.app/myapp";
			};
			name = Debug;
		};
		45258410220945AC0031E535 /* Release */ = {
			isa = XCBuildConfiguration;
			buildSettings = {
				BUNDLE_LOADER = "$(TEST_HOST)";
				CODE_SIGN_STYLE = Automatic;
				INFOPLIST_FILE = myappTests/Info.plist;
				LD_RUNPATH_SEARCH_PATHS = (
					"$(inherited)",
					"@executable_path/Frameworks",
					"@loader_path/Frameworks",
				);
				PRODUCT_BUNDLE_IDENTIFIER = f0rtisyy.myappTests;
				PRODUCT_NAME = "$(TARGET_NAME)";
				TARGETED_DEVICE_FAMILY = "1,2";
				TEST_HOST = "$(BUILT_PRODUCTS_DIR)/myapp.app/myapp";
			};
			name = Release;
		};
		45258412220945AC0031E535 /* Debug */ = {
			isa = XCBuildConfiguration;
			buildSettings = {
				CODE_SIGN_STYLE = Automatic;
				INFOPLIST_FILE = myappUITests/Info.plist;
				LD_RUNPATH_SEARCH_PATHS = (
					"$(inherited)",
					"@executable_path/Frameworks",
					"@loader_path/Frameworks",
				);
				PRODUCT_BUNDLE_IDENTIFIER = f0rtisyy.myappUITests;
				PRODUCT_NAME = "$(TARGET_NAME)";
				TARGETED_DEVICE_FAMILY = "1,2";
				TEST_TARGET_NAME = myapp;
			};
			name = Debug;
		};
		45258413220945AC0031E535 /* Release */ = {
			isa = XCBuildConfiguration;
			buildSettings = {
				CODE_SIGN_STYLE = Automatic;
				INFOPLIST_FILE = myappUITests/Info.plist;
				LD_RUNPATH_SEARCH_PATHS = (
					"$(inherited)",
					"@executable_path/Frameworks",
					"@loader_path/Frameworks",
				);
				PRODUCT_BUNDLE_IDENTIFIER = f0rtisyy.myappUITests;
				PRODUCT_NAME = "$(TARGET_NAME)";
				TARGETED_DEVICE_FAMILY = "1,2";
				TEST_TARGET_NAME = myapp;
			};
			name = Release;
		};
/* End XCBuildConfiguration section */

/* Begin XCConfigurationList section */
		452583DA220945A90031E535 /* Build configuration list for PBXProject "myapp" */ = {
			isa = XCConfigurationList;
			buildConfigurations = (
				45258409220945AC0031E535 /* Debug */,
				4525840A220945AC0031E535 /* Release */,
			);
			defaultConfigurationIsVisible = 0;
			defaultConfigurationName = Release;
		};
		4525840B220945AC0031E535 /* Build configuration list for PBXNativeTarget "myapp" */ = {
			isa = XCConfigurationList;
			buildConfigurations = (
				4525840C220945AC0031E535 /* Debug */,
				4525840D220945AC0031E535 /* Release */,
			);
			defaultConfigurationIsVisible = 0;
			defaultConfigurationName = Release;
		};
		4525840E220945AC0031E535 /* Build configuration list for PBXNativeTarget "myappTests" */ = {
			isa = XCConfigurationList;
			buildConfigurations = (
				4525840F220945AC0031E535 /* Debug */,
				45258410220945AC0031E535 /* Release */,
			);
			defaultConfigurationIsVisible = 0;
			defaultConfigurationName = Release;
		};
		45258411220945AC0031E535 /* Build configuration list for PBXNativeTarget "myappUITests" */ = {
			isa = XCConfigurationList;
			buildConfigurations = (
				45258412220945AC0031E535 /* Debug */,
				45258413220945AC0031E535 /* Release */,
			);
			defaultConfigurationIsVisible = 0;
			defaultConfigurationName = Release;
		};
/* End XCConfigurationList section */
	};
	rootObject = 452583D7220945A90031E535 /* Project object */;
}
